Microsoft Visual Studio Solution File, Format Version 11.00
# Visual Studio 2010
Project("{8BC9CEB8-8B4A-11D0-8D11-00A0C91BC942}") = "ExampleAIClient", "ExampleAIClient\ExampleAIClient.vcxproj", "{AE3B9DC4-5FBB-4B57-8AB4-0D84D8649D78}"
EndProject
Project("{8BC9CEB8-8B4A-11D0-8D11-00A0C91BC942}") = "AIModuleLoader", "AIModuleLoader\AIModuleLoader.vcxproj", "{2E81042D-3CDC-45E0-9F3C-0AC5F435E126}"
EndProject
Project("{8BC9CEB8-8B4A-11D0-8D11-00A0C91BC942}") = "ExampleAIModule", "ExampleAIModule\ExampleAIModule.vcxproj", "{2E63AE74-758A-4607-9DE4-D28E814A6E13}"
EndProject
Project("{8BC9CEB8-8B4A-11D0-8D11-00A0C91BC942}") = "ExampleTournamentModule", "ExampleTournamentModule\ExampleTournamentModule.vcxproj", "{8D2682F5-7022-40E6-95E3-7257D43639F1}"
EndProject
Project("{8BC9CEB8-8B4A-11D0-8D11-00A0C91BC942}") = "BoidsMoveAIClient", "BoidsMoveAIClient\BoidsMoveAIClient.vcxproj", "{58B09755-3E47-44ED-B298-0D6432CC42E3}"
EndProject
Project("{8BC9CEB8-8B4A-11D0-8D11-00A0C91BC942}") = "SimpleMoveAIClient", "SimpleMoveAIClient\SimpleMoveAIClient.vcxproj", "{3B0AF191-DA57-4AED-B9C5-629D97BF2516}"
EndProject
Project("{8BC9CEB8-8B4A-11D0-8D11-00A0C91BC942}") = "BoidsMoveAIClient", "BoidsAIClient\BoidsAIClient.vcxproj", "{9EB7356E-8049-4473-8566-ACC38F943C0D}"
EndProject
Global
	GlobalSection(SolutionConfigurationPlatforms) = preSolution
		Debug|Win32 = Debug|Win32
		Release|Win32 = Release|Win32
	EndGlobalSection
	GlobalSection(ProjectConfigurationPlatforms) = postSolution
		{AE3B9DC4-5FBB-4B57-8AB4-0D84D8649D78}.Debug|Win32.ActiveCfg = Debug|Win32
		{AE3B9DC4-5FBB-4B57-8AB4-0D84D8649D78}.Debug|Win32.Build.0 = Debug|Win32
		{AE3B9DC4-5FBB-4B57-8AB4-0D84D8649D78}.Release|Win32.ActiveCfg = Release|Win32
		{AE3B9DC4-5FBB-4B57-8AB4-0D84D8649D78}.Release|Win32.Build.0 = Release|Win32
		{2E81042D-3CDC-45E0-9F3C-0AC5F435E126}.Debug|Win32.ActiveCfg = Debug|Win32
		{2E81042D-3CDC-45E0-9F3C-0AC5F435E126}.Debug|Win32.Build.0 = Debug|Win32
		{2E81042D-3CDC-45E0-9F3C-0AC5F435E126}.Release|Win32.ActiveCfg = Release|Win32
		{2E81042D-3CDC-45E0-9F3C-0AC5F435E126}.Release|Win32.Build.0 = Release|Win32
		{2E63AE74-758A-4607-9DE4-D28E814A6E13}.Debug|Win32.ActiveCfg = Debug|Win32
		{2E63AE74-758A-4607-9DE4-D28E814A6E13}.Debug|Win32.Build.0 = Debug|Win32
		{2E63AE74-758A-4607-9DE4-D28E814A6E13}.Release|Win32.ActiveCfg = Release|Win32
		{2E63AE74-758A-4607-9DE4-D28E814A6E13}.Release|Win32.Build.0 = Release|Win32
		{8D2682F5-7022-40E6-95E3-7257D43639F1}.Debug|Win32.ActiveCfg = Debug|Win32
		{8D2682F5-7022-40E6-95E3-7257D43639F1}.Debug|Win32.Build.0 = Debug|Win32
		{8D2682F5-7022-40E6-95E3-7257D43639F1}.Release|Win32.ActiveCfg = Release|Win32
		{8D2682F5-7022-40E6-95E3-7257D43639F1}.Release|Win32.Build.0 = Release|Win32
		{58B09755-3E47-44ED-B298-0D6432CC42E3}.Debug|Win32.ActiveCfg = Debug|Win32
		{58B09755-3E47-44ED-B298-0D6432CC42E3}.Debug|Win32.Build.0 = Debug|Win32
		{58B09755-3E47-44ED-B298-0D6432CC42E3}.Release|Win32.ActiveCfg = Release|Win32
		{58B09755-3E47-44ED-B298-0D6432CC42E3}.Release|Win32.Build.0 = Release|Win32
		{3B0AF191-DA57-4AED-B9C5-629D97BF2516}.Debug|Win32.ActiveCfg = Debug|Win32
		{3B0AF191-DA57-4AED-B9C5-629D97BF2516}.Debug|Win32.Build.0 = Debug|Win32
		{3B0AF191-DA57-4AED-B9C5-629D97BF2516}.Release|Win32.ActiveCfg = Release|Win32
		{3B0AF191-DA57-4AED-B9C5-629D97BF2516}.Release|Win32.Build.0 = Release|Win32
		{9EB7356E-8049-4473-8566-ACC38F943C0D}.Debug|Win32.ActiveCfg = Debug|Win32
		{9EB7356E-8049-4473-8566-ACC38F943C0D}.Debug|Win32.Build.0 = Debug|Win32
		{9EB7356E-8049-4473-8566-ACC38F943C0D}.Release|Win32.ActiveCfg = Release|Win32
		{9EB7356E-8049-4473-8566-ACC38F943C0D}.Release|Win32.Build.0 = Release|Win32
	EndGlobalSection
	GlobalSection(SolutionProperties) = preSolution
		HideSolutionNode = FALSE
	EndGlobalSection
EndGlobal
